// !$*UTF8*$!
{
	archiveVersion = 1;
	classes = {
	};
	objectVersion = 46;
	objects = {

/* Begin PBXBuildFile section */
		1D3623260D0F684500981E51 /* SilentBoomboxAppDelegate.m in Sources */ = {isa = PBXBuildFile; fileRef = 1D3623250D0F684500981E51 /* SilentBoomboxAppDelegate.m */; };
		1D60589B0D05DD56006BFB54 /* main.m in Sources */ = {isa = PBXBuildFile; fileRef = 29B97316FDCFA39411CA2CEA /* main.m */; };
		1D60589F0D05DD5A006BFB54 /* Foundation.framework in Frameworks */ = {isa = PBXBuildFile; fileRef = 1D30AB110D05D00D00671497 /* Foundation.framework */; };
		1DF5F4E00D08C38300B7A737 /* UIKit.framework in Frameworks */ = {isa = PBXBuildFile; fileRef = 1DF5F4DF0D08C38300B7A737 /* UIKit.framework */; };
		2892E4100DC94CBA00A64D0F /* CoreGraphics.framework in Frameworks */ = {isa = PBXBuildFile; fileRef = 2892E40F0DC94CBA00A64D0F /* CoreGraphics.framework */; };
		28AD73600D9D9599002E5188 /* MainWindow.xib in Resources */ = {isa = PBXBuildFile; fileRef = 28AD735F0D9D9599002E5188 /* MainWindow.xib */; };
		28C286E10D94DF7D0034E888 /* RootViewController.m in Sources */ = {isa = PBXBuildFile; fileRef = 28C286E00D94DF7D0034E888 /* RootViewController.m */; };
		28F335F11007B36200424DE2 /* RootViewController.xib in Resources */ = {isa = PBXBuildFile; fileRef = 28F335F01007B36200424DE2 /* RootViewController.xib */; };
		BC146AF014E745C90082EB62 /* SPLoginViewController_iPhone.xib in Resources */ = {isa = PBXBuildFile; fileRef = BC146AEF14E745C90082EB62 /* SPLoginViewController_iPhone.xib */; };
		BC146AF214E745D30082EB62 /* SPLoginViewController_iPad.xib in Resources */ = {isa = PBXBuildFile; fileRef = BC146AF114E745D30082EB62 /* SPLoginViewController_iPad.xib */; };
		BC146AF514E745E20082EB62 /* SPLoginViewController.m in Sources */ = {isa = PBXBuildFile; fileRef = BC146AF414E745E20082EB62 /* SPLoginViewController.m */; };
		BC146AF714E747A90082EB62 /* CFNetwork.framework in Frameworks */ = {isa = PBXBuildFile; fileRef = BC146AF614E747A90082EB62 /* CFNetwork.framework */; };
		BC146B1414E74BA80082EB62 /* libstdc++.dylib in Frameworks */ = {isa = PBXBuildFile; fileRef = BC146B1314E74BA80082EB62 /* libstdc++.dylib */; };
		BC146B1614E74C750082EB62 /* libCocoaLibSpotify.a in Frameworks */ = {isa = PBXBuildFile; fileRef = BC146B1514E74C750082EB62 /* libCocoaLibSpotify.a */; };
		BC146B1E14E7602B0082EB62 /* WCRoleChooserViewController.m in Sources */ = {isa = PBXBuildFile; fileRef = BC146B1C14E7602B0082EB62 /* WCRoleChooserViewController.m */; };
		BC146B1F14E7602B0082EB62 /* WCRoleChooserViewController.xib in Resources */ = {isa = PBXBuildFile; fileRef = BC146B1D14E7602B0082EB62 /* WCRoleChooserViewController.xib */; };
		BC146B2314E771450082EB62 /* WCAddListenersViewController.m in Sources */ = {isa = PBXBuildFile; fileRef = BC146B2114E771440082EB62 /* WCAddListenersViewController.m */; };
		BC146B2414E771450082EB62 /* WCAddListenersViewController.xib in Resources */ = {isa = PBXBuildFile; fileRef = BC146B2214E771440082EB62 /* WCAddListenersViewController.xib */; };
		BC146B2714E780040082EB62 /* WCListener.m in Sources */ = {isa = PBXBuildFile; fileRef = BC146B2614E780030082EB62 /* WCListener.m */; };
		BC146B2E14E7AF750082EB62 /* WCSyncStartWaitingViewController.m in Sources */ = {isa = PBXBuildFile; fileRef = BC146B2C14E7AF750082EB62 /* WCSyncStartWaitingViewController.m */; };
		BC146B2F14E7AF750082EB62 /* WCSyncStartWaitingViewController.xib in Resources */ = {isa = PBXBuildFile; fileRef = BC146B2D14E7AF750082EB62 /* WCSyncStartWaitingViewController.xib */; };
		BC146B8614E863970082EB62 /* WCMusicSelectViewController.m in Sources */ = {isa = PBXBuildFile; fileRef = BC146B8414E863970082EB62 /* WCMusicSelectViewController.m */; };
		BC146B8714E863970082EB62 /* WCMusicSelectViewController.xib in Resources */ = {isa = PBXBuildFile; fileRef = BC146B8514E863970082EB62 /* WCMusicSelectViewController.xib */; };
		BC146B8B14E86A7F0082EB62 /* WCListeningViewController.m in Sources */ = {isa = PBXBuildFile; fileRef = BC146B8914E86A7E0082EB62 /* WCListeningViewController.m */; };
		BC146B8C14E86A7F0082EB62 /* WCListeningViewController.xib in Resources */ = {isa = PBXBuildFile; fileRef = BC146B8A14E86A7F0082EB62 /* WCListeningViewController.xib */; };
		E116864114E83AD200156D0C /* libRestKitCoreData.a in Frameworks */ = {isa = PBXBuildFile; fileRef = E116863A14E8395A00156D0C /* libRestKitCoreData.a */; };
		E116864214E83AD200156D0C /* libRestKitJSONParserYAJL.a in Frameworks */ = {isa = PBXBuildFile; fileRef = E116863214E8395A00156D0C /* libRestKitJSONParserYAJL.a */; };
		E116864314E83AD200156D0C /* libRestKitNetwork.a in Frameworks */ = {isa = PBXBuildFile; fileRef = E116862A14E8395A00156D0C /* libRestKitNetwork.a */; };
		E116864414E83AD200156D0C /* libRestKitObjectMapping.a in Frameworks */ = {isa = PBXBuildFile; fileRef = E116862C14E8395A00156D0C /* libRestKitObjectMapping.a */; };
		E116864514E83AD200156D0C /* libRestKitSupport.a in Frameworks */ = {isa = PBXBuildFile; fileRef = E116862E14E8395A00156D0C /* libRestKitSupport.a */; };
		E116864714E83AED00156D0C /* CoreData.framework in Frameworks */ = {isa = PBXBuildFile; fileRef = E116864614E83AED00156D0C /* CoreData.framework */; };
		E116864A14E83AFE00156D0C /* MobileCoreServices.framework in Frameworks */ = {isa = PBXBuildFile; fileRef = E116864814E83AFE00156D0C /* MobileCoreServices.framework */; };
		E116864B14E83AFE00156D0C /* SystemConfiguration.framework in Frameworks */ = {isa = PBXBuildFile; fileRef = E116864914E83AFE00156D0C /* SystemConfiguration.framework */; };
		E116864E14E83E5A00156D0C /* WCUserRestClient.m in Sources */ = {isa = PBXBuildFile; fileRef = E116864D14E83E5A00156D0C /* WCUserRestClient.m */; };
/* End PBXBuildFile section */

/* Begin PBXContainerItemProxy section */
		E116862914E8395A00156D0C /* PBXContainerItemProxy */ = {
			isa = PBXContainerItemProxy;
			containerPortal = E116861514E8395900156D0C /* RestKit.xcodeproj */;
			proxyType = 2;
			remoteGlobalIDString = 253A07FC1255161B00976E89;
			remoteInfo = RestKitNetwork;
		};
		E116862B14E8395A00156D0C /* PBXContainerItemProxy */ = {
			isa = PBXContainerItemProxy;
			containerPortal = E116861514E8395900156D0C /* RestKit.xcodeproj */;
			proxyType = 2;
			remoteGlobalIDString = 253A08031255162C00976E89;
			remoteInfo = RestKitObjectMapping;
		};
		E116862D14E8395A00156D0C /* PBXContainerItemProxy */ = {
			isa = PBXContainerItemProxy;
			containerPortal = E116861514E8395900156D0C /* RestKit.xcodeproj */;
			proxyType = 2;
			remoteGlobalIDString = 253A080C12551D3000976E89;
			remoteInfo = RestKitSupport;
		};
		E116862F14E8395A00156D0C /* PBXContainerItemProxy */ = {
			isa = PBXContainerItemProxy;
			containerPortal = E116861514E8395900156D0C /* RestKit.xcodeproj */;
			proxyType = 2;
			remoteGlobalIDString = 20808DBD13DE8CDC000A156A;
			remoteInfo = "RestKitJSONParser+NXJSON";
		};
		E116863114E8395A00156D0C /* PBXContainerItemProxy */ = {
			isa = PBXContainerItemProxy;
			containerPortal = E116861514E8395900156D0C /* RestKit.xcodeproj */;
			proxyType = 2;
			remoteGlobalIDString = 2590E64F125231F600531FA8;
			remoteInfo = "RestKitJSONParser+YAJL";
		};
		E116863314E8395A00156D0C /* PBXContainerItemProxy */ = {
			isa = PBXContainerItemProxy;
			containerPortal = E116861514E8395900156D0C /* RestKit.xcodeproj */;
			proxyType = 2;
			remoteGlobalIDString = 2590E66B1252353700531FA8;
			remoteInfo = "RestKitJSONParser+SBJSON";
		};
		E116863514E8395A00156D0C /* PBXContainerItemProxy */ = {
			isa = PBXContainerItemProxy;
			containerPortal = E116861514E8395900156D0C /* RestKit.xcodeproj */;
			proxyType = 2;
			remoteGlobalIDString = 73057FD11331AD2E001908EE;
			remoteInfo = "RestKitJSONParser+JSONKit";
		};
		E116863714E8395A00156D0C /* PBXContainerItemProxy */ = {
			isa = PBXContainerItemProxy;
			containerPortal = E116861514E8395900156D0C /* RestKit.xcodeproj */;
			proxyType = 2;
			remoteGlobalIDString = 25BD43BD1340315800DBACDD;
			remoteInfo = "RestKitXMLParser+Libxml";
		};
		E116863914E8395A00156D0C /* PBXContainerItemProxy */ = {
			isa = PBXContainerItemProxy;
			containerPortal = E116861514E8395900156D0C /* RestKit.xcodeproj */;
			proxyType = 2;
			remoteGlobalIDString = 253A081412551D5300976E89;
			remoteInfo = RestKitCoreData;
		};
		E116863B14E8395A00156D0C /* PBXContainerItemProxy */ = {
			isa = PBXContainerItemProxy;
			containerPortal = E116861514E8395900156D0C /* RestKit.xcodeproj */;
			proxyType = 2;
			remoteGlobalIDString = 2523360511E79F090048F9B4;
			remoteInfo = RestKitThree20;
		};
		E116863D14E8395A00156D0C /* PBXContainerItemProxy */ = {
			isa = PBXContainerItemProxy;
			containerPortal = E116861514E8395900156D0C /* RestKit.xcodeproj */;
			proxyType = 2;
			remoteGlobalIDString = 3F6C39A510FE5C95008F47C5;
			remoteInfo = UISpec;
		};
		E116863F14E83A8100156D0C /* PBXContainerItemProxy */ = {
			isa = PBXContainerItemProxy;
			containerPortal = E116861514E8395900156D0C /* RestKit.xcodeproj */;
			proxyType = 1;
			remoteGlobalIDString = 255B7588133BABBF00ED76AD;
			remoteInfo = RestKit;
		};
/* End PBXContainerItemProxy section */

/* Begin PBXFileReference section */
		1D30AB110D05D00D00671497 /* Foundation.framework */ = {isa = PBXFileReference; lastKnownFileType = wrapper.framework; name = Foundation.framework; path = System/Library/Frameworks/Foundation.framework; sourceTree = SDKROOT; };
		1D3623240D0F684500981E51 /* SilentBoomboxAppDelegate.h */ = {isa = PBXFileReference; fileEncoding = 4; lastKnownFileType = sourcecode.c.h; path = SilentBoomboxAppDelegate.h; sourceTree = "<group>"; };
		1D3623250D0F684500981E51 /* SilentBoomboxAppDelegate.m */ = {isa = PBXFileReference; fileEncoding = 4; lastKnownFileType = sourcecode.c.objc; path = SilentBoomboxAppDelegate.m; sourceTree = "<group>"; };
		1D6058910D05DD3D006BFB54 /* SilentBoombox.app */ = {isa = PBXFileReference; explicitFileType = wrapper.application; includeInIndex = 0; path = SilentBoombox.app; sourceTree = BUILT_PRODUCTS_DIR; };
		1DF5F4DF0D08C38300B7A737 /* UIKit.framework */ = {isa = PBXFileReference; lastKnownFileType = wrapper.framework; name = UIKit.framework; path = System/Library/Frameworks/UIKit.framework; sourceTree = SDKROOT; };
		2892E40F0DC94CBA00A64D0F /* CoreGraphics.framework */ = {isa = PBXFileReference; lastKnownFileType = wrapper.framework; name = CoreGraphics.framework; path = System/Library/Frameworks/CoreGraphics.framework; sourceTree = SDKROOT; };
		28A0AAE50D9B0CCF005BE974 /* SilentBoombox_Prefix.pch */ = {isa = PBXFileReference; fileEncoding = 4; lastKnownFileType = sourcecode.c.h; path = SilentBoombox_Prefix.pch; sourceTree = "<group>"; };
		28AD735F0D9D9599002E5188 /* MainWindow.xib */ = {isa = PBXFileReference; lastKnownFileType = file.xib; path = MainWindow.xib; sourceTree = "<group>"; };
		28C286DF0D94DF7D0034E888 /* RootViewController.h */ = {isa = PBXFileReference; fileEncoding = 4; lastKnownFileType = sourcecode.c.h; path = RootViewController.h; sourceTree = "<group>"; };
		28C286E00D94DF7D0034E888 /* RootViewController.m */ = {isa = PBXFileReference; fileEncoding = 4; lastKnownFileType = sourcecode.c.objc; path = RootViewController.m; sourceTree = "<group>"; };
		28F335F01007B36200424DE2 /* RootViewController.xib */ = {isa = PBXFileReference; lastKnownFileType = file.xib; path = RootViewController.xib; sourceTree = "<group>"; };
		29B97316FDCFA39411CA2CEA /* main.m */ = {isa = PBXFileReference; fileEncoding = 4; lastKnownFileType = sourcecode.c.objc; path = main.m; sourceTree = "<group>"; };
		8D1107310486CEB800E47090 /* SilentBoombox-Info.plist */ = {isa = PBXFileReference; fileEncoding = 4; lastKnownFileType = text.plist.xml; path = "SilentBoombox-Info.plist"; plistStructureDefinitionIdentifier = "com.apple.xcode.plist.structure-definition.iphone.info-plist"; sourceTree = "<group>"; };
		BC146AEF14E745C90082EB62 /* SPLoginViewController_iPhone.xib */ = {isa = PBXFileReference; fileEncoding = 4; lastKnownFileType = file.xib; path = SPLoginViewController_iPhone.xib; sourceTree = "<group>"; };
		BC146AF114E745D30082EB62 /* SPLoginViewController_iPad.xib */ = {isa = PBXFileReference; fileEncoding = 4; lastKnownFileType = file.xib; path = SPLoginViewController_iPad.xib; sourceTree = "<group>"; };
		BC146AF314E745E20082EB62 /* SPLoginViewController.h */ = {isa = PBXFileReference; fileEncoding = 4; lastKnownFileType = sourcecode.c.h; path = SPLoginViewController.h; sourceTree = "<group>"; };
		BC146AF414E745E20082EB62 /* SPLoginViewController.m */ = {isa = PBXFileReference; fileEncoding = 4; lastKnownFileType = sourcecode.c.objc; path = SPLoginViewController.m; sourceTree = "<group>"; };
		BC146AF614E747A90082EB62 /* CFNetwork.framework */ = {isa = PBXFileReference; lastKnownFileType = wrapper.framework; name = CFNetwork.framework; path = System/Library/Frameworks/CFNetwork.framework; sourceTree = SDKROOT; };
		BC146B1314E74BA80082EB62 /* libstdc++.dylib */ = {isa = PBXFileReference; lastKnownFileType = "compiled.mach-o.dylib"; name = "libstdc++.dylib"; path = "usr/lib/libstdc++.dylib"; sourceTree = SDKROOT; };
		BC146B1514E74C750082EB62 /* libCocoaLibSpotify.a */ = {isa = PBXFileReference; lastKnownFileType = archive.ar; path = libCocoaLibSpotify.a; sourceTree = "<group>"; };
		BC146B1A14E7599C0082EB62 /* appkey.c */ = {isa = PBXFileReference; lastKnownFileType = sourcecode.c.c; path = appkey.c; sourceTree = "<group>"; };
		BC146B1B14E7602B0082EB62 /* WCRoleChooserViewController.h */ = {isa = PBXFileReference; fileEncoding = 4; lastKnownFileType = sourcecode.c.h; path = WCRoleChooserViewController.h; sourceTree = "<group>"; };
		BC146B1C14E7602B0082EB62 /* WCRoleChooserViewController.m */ = {isa = PBXFileReference; fileEncoding = 4; lastKnownFileType = sourcecode.c.objc; path = WCRoleChooserViewController.m; sourceTree = "<group>"; };
		BC146B1D14E7602B0082EB62 /* WCRoleChooserViewController.xib */ = {isa = PBXFileReference; fileEncoding = 4; lastKnownFileType = file.xib; name = WCRoleChooserViewController.xib; path = Classes/WCRoleChooserViewController.xib; sourceTree = "<group>"; };
		BC146B2014E771440082EB62 /* WCAddListenersViewController.h */ = {isa = PBXFileReference; fileEncoding = 4; lastKnownFileType = sourcecode.c.h; path = WCAddListenersViewController.h; sourceTree = "<group>"; };
		BC146B2114E771440082EB62 /* WCAddListenersViewController.m */ = {isa = PBXFileReference; fileEncoding = 4; lastKnownFileType = sourcecode.c.objc; path = WCAddListenersViewController.m; sourceTree = "<group>"; };
		BC146B2214E771440082EB62 /* WCAddListenersViewController.xib */ = {isa = PBXFileReference; fileEncoding = 4; lastKnownFileType = file.xib; name = WCAddListenersViewController.xib; path = Classes/WCAddListenersViewController.xib; sourceTree = "<group>"; };
		BC146B2514E780030082EB62 /* WCListener.h */ = {isa = PBXFileReference; fileEncoding = 4; lastKnownFileType = sourcecode.c.h; path = WCListener.h; sourceTree = "<group>"; };
		BC146B2614E780030082EB62 /* WCListener.m */ = {isa = PBXFileReference; fileEncoding = 4; lastKnownFileType = sourcecode.c.objc; path = WCListener.m; sourceTree = "<group>"; };
		BC146B2B14E7AF740082EB62 /* WCSyncStartWaitingViewController.h */ = {isa = PBXFileReference; fileEncoding = 4; lastKnownFileType = sourcecode.c.h; path = WCSyncStartWaitingViewController.h; sourceTree = "<group>"; };
		BC146B2C14E7AF750082EB62 /* WCSyncStartWaitingViewController.m */ = {isa = PBXFileReference; fileEncoding = 4; lastKnownFileType = sourcecode.c.objc; path = WCSyncStartWaitingViewController.m; sourceTree = "<group>"; };
		BC146B2D14E7AF750082EB62 /* WCSyncStartWaitingViewController.xib */ = {isa = PBXFileReference; fileEncoding = 4; lastKnownFileType = file.xib; name = WCSyncStartWaitingViewController.xib; path = Classes/WCSyncStartWaitingViewController.xib; sourceTree = "<group>"; };
		BC146B8314E863970082EB62 /* WCMusicSelectViewController.h */ = {isa = PBXFileReference; fileEncoding = 4; lastKnownFileType = sourcecode.c.h; path = WCMusicSelectViewController.h; sourceTree = "<group>"; };
		BC146B8414E863970082EB62 /* WCMusicSelectViewController.m */ = {isa = PBXFileReference; fileEncoding = 4; lastKnownFileType = sourcecode.c.objc; path = WCMusicSelectViewController.m; sourceTree = "<group>"; };
		BC146B8514E863970082EB62 /* WCMusicSelectViewController.xib */ = {isa = PBXFileReference; fileEncoding = 4; lastKnownFileType = file.xib; name = WCMusicSelectViewController.xib; path = Classes/WCMusicSelectViewController.xib; sourceTree = "<group>"; };
		BC146B8814E86A7E0082EB62 /* WCListeningViewController.h */ = {isa = PBXFileReference; fileEncoding = 4; lastKnownFileType = sourcecode.c.h; path = WCListeningViewController.h; sourceTree = "<group>"; };
		BC146B8914E86A7E0082EB62 /* WCListeningViewController.m */ = {isa = PBXFileReference; fileEncoding = 4; lastKnownFileType = sourcecode.c.objc; path = WCListeningViewController.m; sourceTree = "<group>"; };
		BC146B8A14E86A7F0082EB62 /* WCListeningViewController.xib */ = {isa = PBXFileReference; fileEncoding = 4; lastKnownFileType = file.xib; name = WCListeningViewController.xib; path = Classes/WCListeningViewController.xib; sourceTree = "<group>"; };
		BC4D6EF714E7222F001504E6 /* api.h */ = {isa = PBXFileReference; fileEncoding = 4; lastKnownFileType = sourcecode.c.h; path = api.h; sourceTree = "<group>"; };
		BC4D6EF814E7222F001504E6 /* CocoaLibSpotify.h */ = {isa = PBXFileReference; fileEncoding = 4; lastKnownFileType = sourcecode.c.h; path = CocoaLibSpotify.h; sourceTree = "<group>"; };
		BC4D6EF914E7222F001504E6 /* CocoaLibSpotifyPlatformImports.h */ = {isa = PBXFileReference; fileEncoding = 4; lastKnownFileType = sourcecode.c.h; path = CocoaLibSpotifyPlatformImports.h; sourceTree = "<group>"; };
		BC4D6EFA14E7222F001504E6 /* SPAlbum.h */ = {isa = PBXFileReference; fileEncoding = 4; lastKnownFileType = sourcecode.c.h; path = SPAlbum.h; sourceTree = "<group>"; };
		BC4D6EFB14E7222F001504E6 /* SPAlbumBrowse.h */ = {isa = PBXFileReference; fileEncoding = 4; lastKnownFileType = sourcecode.c.h; path = SPAlbumBrowse.h; sourceTree = "<group>"; };
		BC4D6EFC14E7222F001504E6 /* SPArtist.h */ = {isa = PBXFileReference; fileEncoding = 4; lastKnownFileType = sourcecode.c.h; path = SPArtist.h; sourceTree = "<group>"; };
		BC4D6EFD14E7222F001504E6 /* SPArtistBrowse.h */ = {isa = PBXFileReference; fileEncoding = 4; lastKnownFileType = sourcecode.c.h; path = SPArtistBrowse.h; sourceTree = "<group>"; };
		BC4D6EFE14E7222F001504E6 /* SPCommon.h */ = {isa = PBXFileReference; fileEncoding = 4; lastKnownFileType = sourcecode.c.h; path = SPCommon.h; sourceTree = "<group>"; };
		BC4D6EFF14E7222F001504E6 /* SPErrorExtensions.h */ = {isa = PBXFileReference; fileEncoding = 4; lastKnownFileType = sourcecode.c.h; path = SPErrorExtensions.h; sourceTree = "<group>"; };
		BC4D6F0014E7222F001504E6 /* SPImage.h */ = {isa = PBXFileReference; fileEncoding = 4; lastKnownFileType = sourcecode.c.h; path = SPImage.h; sourceTree = "<group>"; };
		BC4D6F0114E7222F001504E6 /* SPPlaylist.h */ = {isa = PBXFileReference; fileEncoding = 4; lastKnownFileType = sourcecode.c.h; path = SPPlaylist.h; sourceTree = "<group>"; };
		BC4D6F0214E7222F001504E6 /* SPPlaylistContainer.h */ = {isa = PBXFileReference; fileEncoding = 4; lastKnownFileType = sourcecode.c.h; path = SPPlaylistContainer.h; sourceTree = "<group>"; };
		BC4D6F0314E7222F001504E6 /* SPPlaylistFolder.h */ = {isa = PBXFileReference; fileEncoding = 4; lastKnownFileType = sourcecode.c.h; path = SPPlaylistFolder.h; sourceTree = "<group>"; };
		BC4D6F0414E7222F001504E6 /* SPPlaylistFolderInternal.h */ = {isa = PBXFileReference; fileEncoding = 4; lastKnownFileType = sourcecode.c.h; path = SPPlaylistFolderInternal.h; sourceTree = "<group>"; };
		BC4D6F0514E7222F001504E6 /* SPPlaylistItem.h */ = {isa = PBXFileReference; fileEncoding = 4; lastKnownFileType = sourcecode.c.h; path = SPPlaylistItem.h; sourceTree = "<group>"; };
		BC4D6F0614E7222F001504E6 /* SPPostTracksToInboxOperation.h */ = {isa = PBXFileReference; fileEncoding = 4; lastKnownFileType = sourcecode.c.h; path = SPPostTracksToInboxOperation.h; sourceTree = "<group>"; };
		BC4D6F0714E7222F001504E6 /* SPSearch.h */ = {isa = PBXFileReference; fileEncoding = 4; lastKnownFileType = sourcecode.c.h; path = SPSearch.h; sourceTree = "<group>"; };
		BC4D6F0814E7222F001504E6 /* SPSession.h */ = {isa = PBXFileReference; fileEncoding = 4; lastKnownFileType = sourcecode.c.h; path = SPSession.h; sourceTree = "<group>"; };
		BC4D6F0914E7222F001504E6 /* SPToplist.h */ = {isa = PBXFileReference; fileEncoding = 4; lastKnownFileType = sourcecode.c.h; path = SPToplist.h; sourceTree = "<group>"; };
		BC4D6F0A14E7222F001504E6 /* SPTrack.h */ = {isa = PBXFileReference; fileEncoding = 4; lastKnownFileType = sourcecode.c.h; path = SPTrack.h; sourceTree = "<group>"; };
		BC4D6F0B14E7222F001504E6 /* SPUnknownPlaylist.h */ = {isa = PBXFileReference; fileEncoding = 4; lastKnownFileType = sourcecode.c.h; path = SPUnknownPlaylist.h; sourceTree = "<group>"; };
		BC4D6F0C14E7222F001504E6 /* SPURLExtensions.h */ = {isa = PBXFileReference; fileEncoding = 4; lastKnownFileType = sourcecode.c.h; path = SPURLExtensions.h; sourceTree = "<group>"; };
		BC4D6F0D14E7222F001504E6 /* SPUser.h */ = {isa = PBXFileReference; fileEncoding = 4; lastKnownFileType = sourcecode.c.h; path = SPUser.h; sourceTree = "<group>"; };
		E116861514E8395900156D0C /* RestKit.xcodeproj */ = {isa = PBXFileReference; lastKnownFileType = "wrapper.pb-project"; name = RestKit.xcodeproj; path = RestKit/RestKit.xcodeproj; sourceTree = "<group>"; };
		E116864614E83AED00156D0C /* CoreData.framework */ = {isa = PBXFileReference; lastKnownFileType = wrapper.framework; name = CoreData.framework; path = System/Library/Frameworks/CoreData.framework; sourceTree = SDKROOT; };
		E116864814E83AFE00156D0C /* MobileCoreServices.framework */ = {isa = PBXFileReference; lastKnownFileType = wrapper.framework; name = MobileCoreServices.framework; path = System/Library/Frameworks/MobileCoreServices.framework; sourceTree = SDKROOT; };
		E116864914E83AFE00156D0C /* SystemConfiguration.framework */ = {isa = PBXFileReference; lastKnownFileType = wrapper.framework; name = SystemConfiguration.framework; path = System/Library/Frameworks/SystemConfiguration.framework; sourceTree = SDKROOT; };
		E116864C14E83E5A00156D0C /* WCUserRestClient.h */ = {isa = PBXFileReference; fileEncoding = 4; lastKnownFileType = sourcecode.c.h; path = WCUserRestClient.h; sourceTree = "<group>"; };
		E116864D14E83E5A00156D0C /* WCUserRestClient.m */ = {isa = PBXFileReference; fileEncoding = 4; lastKnownFileType = sourcecode.c.objc; path = WCUserRestClient.m; sourceTree = "<group>"; };
/* End PBXFileReference section */

/* Begin PBXFrameworksBuildPhase section */
		1D60588F0D05DD3D006BFB54 /* Frameworks */ = {
			isa = PBXFrameworksBuildPhase;
			buildActionMask = 2147483647;
			files = (
				E116864A14E83AFE00156D0C /* MobileCoreServices.framework in Frameworks */,
				E116864B14E83AFE00156D0C /* SystemConfiguration.framework in Frameworks */,
				E116864714E83AED00156D0C /* CoreData.framework in Frameworks */,
				E116864114E83AD200156D0C /* libRestKitCoreData.a in Frameworks */,
				E116864214E83AD200156D0C /* libRestKitJSONParserYAJL.a in Frameworks */,
				E116864314E83AD200156D0C /* libRestKitNetwork.a in Frameworks */,
				E116864414E83AD200156D0C /* libRestKitObjectMapping.a in Frameworks */,
				E116864514E83AD200156D0C /* libRestKitSupport.a in Frameworks */,
				BC146AF714E747A90082EB62 /* CFNetwork.framework in Frameworks */,
				BC146B1414E74BA80082EB62 /* libstdc++.dylib in Frameworks */,
				1D60589F0D05DD5A006BFB54 /* Foundation.framework in Frameworks */,
				1DF5F4E00D08C38300B7A737 /* UIKit.framework in Frameworks */,
				2892E4100DC94CBA00A64D0F /* CoreGraphics.framework in Frameworks */,
				BC146B1614E74C750082EB62 /* libCocoaLibSpotify.a in Frameworks */,
			);
			runOnlyForDeploymentPostprocessing = 0;
		};
/* End PBXFrameworksBuildPhase section */

/* Begin PBXGroup section */
		080E96DDFE201D6D7F000001 /* Classes */ = {
			isa = PBXGroup;
			children = (
				28C286DF0D94DF7D0034E888 /* RootViewController.h */,
				28C286E00D94DF7D0034E888 /* RootViewController.m */,
				BC146AF314E745E20082EB62 /* SPLoginViewController.h */,
				BC146AF414E745E20082EB62 /* SPLoginViewController.m */,
				1D3623240D0F684500981E51 /* SilentBoomboxAppDelegate.h */,
				1D3623250D0F684500981E51 /* SilentBoomboxAppDelegate.m */,
				BC146B1B14E7602B0082EB62 /* WCRoleChooserViewController.h */,
				BC146B1C14E7602B0082EB62 /* WCRoleChooserViewController.m */,
				BC146B2014E771440082EB62 /* WCAddListenersViewController.h */,
				BC146B2114E771440082EB62 /* WCAddListenersViewController.m */,
				BC146B2514E780030082EB62 /* WCListener.h */,
				BC146B2614E780030082EB62 /* WCListener.m */,
				BC146B2B14E7AF740082EB62 /* WCSyncStartWaitingViewController.h */,
				BC146B2C14E7AF750082EB62 /* WCSyncStartWaitingViewController.m */,
				E116864C14E83E5A00156D0C /* WCUserRestClient.h */,
				E116864D14E83E5A00156D0C /* WCUserRestClient.m */,
				BC146B8314E863970082EB62 /* WCMusicSelectViewController.h */,
				BC146B8414E863970082EB62 /* WCMusicSelectViewController.m */,
				BC146B8814E86A7E0082EB62 /* WCListeningViewController.h */,
				BC146B8914E86A7E0082EB62 /* WCListeningViewController.m */,
			);
			path = Classes;
			sourceTree = "<group>";
		};
		19C28FACFE9D520D11CA2CBB /* Products */ = {
			isa = PBXGroup;
			children = (
				1D6058910D05DD3D006BFB54 /* SilentBoombox.app */,
			);
			name = Products;
			sourceTree = "<group>";
		};
		29B97314FDCFA39411CA2CEA /* CustomTemplate */ = {
			isa = PBXGroup;
			children = (
				E116861514E8395900156D0C /* RestKit.xcodeproj */,
				080E96DDFE201D6D7F000001 /* Classes */,
				29B97315FDCFA39411CA2CEA /* Other Sources */,
				29B97317FDCFA39411CA2CEA /* Resources */,
				29B97323FDCFA39411CA2CEA /* Frameworks */,
				19C28FACFE9D520D11CA2CBB /* Products */,
			);
			name = CustomTemplate;
			sourceTree = "<group>";
		};
		29B97315FDCFA39411CA2CEA /* Other Sources */ = {
			isa = PBXGroup;
			children = (
				BC4D6EF614E7222F001504E6 /* include */,
				28A0AAE50D9B0CCF005BE974 /* SilentBoombox_Prefix.pch */,
				29B97316FDCFA39411CA2CEA /* main.m */,
			);
			name = "Other Sources";
			sourceTree = "<group>";
		};
		29B97317FDCFA39411CA2CEA /* Resources */ = {
			isa = PBXGroup;
			children = (
				BC146B2D14E7AF750082EB62 /* WCSyncStartWaitingViewController.xib */,
				BC146B1D14E7602B0082EB62 /* WCRoleChooserViewController.xib */,
				BC146B8514E863970082EB62 /* WCMusicSelectViewController.xib */,
				BC146B8A14E86A7F0082EB62 /* WCListeningViewController.xib */,
				BC146B2214E771440082EB62 /* WCAddListenersViewController.xib */,
				28F335F01007B36200424DE2 /* RootViewController.xib */,
				BC146AEF14E745C90082EB62 /* SPLoginViewController_iPhone.xib */,
				BC146AF114E745D30082EB62 /* SPLoginViewController_iPad.xib */,
				28AD735F0D9D9599002E5188 /* MainWindow.xib */,
				8D1107310486CEB800E47090 /* SilentBoombox-Info.plist */,
			);
			name = Resources;
			sourceTree = "<group>";
		};
		29B97323FDCFA39411CA2CEA /* Frameworks */ = {
			isa = PBXGroup;
			children = (
				BC146B1514E74C750082EB62 /* libCocoaLibSpotify.a */,
				BC146B1314E74BA80082EB62 /* libstdc++.dylib */,
				E116864814E83AFE00156D0C /* MobileCoreServices.framework */,
				E116864914E83AFE00156D0C /* SystemConfiguration.framework */,
				E116864614E83AED00156D0C /* CoreData.framework */,
				BC146AF614E747A90082EB62 /* CFNetwork.framework */,
				1DF5F4DF0D08C38300B7A737 /* UIKit.framework */,
				1D30AB110D05D00D00671497 /* Foundation.framework */,
				2892E40F0DC94CBA00A64D0F /* CoreGraphics.framework */,
			);
			name = Frameworks;
			sourceTree = "<group>";
		};
		BC4D6EF614E7222F001504E6 /* include */ = {
			isa = PBXGroup;
			children = (
				BC4D6EF714E7222F001504E6 /* api.h */,
				BC146B1A14E7599C0082EB62 /* appkey.c */,
				BC4D6EF814E7222F001504E6 /* CocoaLibSpotify.h */,
				BC4D6EF914E7222F001504E6 /* CocoaLibSpotifyPlatformImports.h */,
				BC4D6EFA14E7222F001504E6 /* SPAlbum.h */,
				BC4D6EFB14E7222F001504E6 /* SPAlbumBrowse.h */,
				BC4D6EFC14E7222F001504E6 /* SPArtist.h */,
				BC4D6EFE14E7222F001504E6 /* SPCommon.h */,
				BC4D6EFD14E7222F001504E6 /* SPArtistBrowse.h */,
				BC4D6EFF14E7222F001504E6 /* SPErrorExtensions.h */,
				BC4D6F0014E7222F001504E6 /* SPImage.h */,
				BC4D6F0114E7222F001504E6 /* SPPlaylist.h */,
				BC4D6F0214E7222F001504E6 /* SPPlaylistContainer.h */,
				BC4D6F0314E7222F001504E6 /* SPPlaylistFolder.h */,
				BC4D6F0414E7222F001504E6 /* SPPlaylistFolderInternal.h */,
				BC4D6F0514E7222F001504E6 /* SPPlaylistItem.h */,
				BC4D6F0614E7222F001504E6 /* SPPostTracksToInboxOperation.h */,
				BC4D6F0714E7222F001504E6 /* SPSearch.h */,
				BC4D6F0814E7222F001504E6 /* SPSession.h */,
				BC4D6F0914E7222F001504E6 /* SPToplist.h */,
				BC4D6F0A14E7222F001504E6 /* SPTrack.h */,
				BC4D6F0B14E7222F001504E6 /* SPUnknownPlaylist.h */,
				BC4D6F0C14E7222F001504E6 /* SPURLExtensions.h */,
				BC4D6F0D14E7222F001504E6 /* SPUser.h */,
			);
			path = include;
			sourceTree = "<group>";
		};
		E116861614E8395900156D0C /* Products */ = {
			isa = PBXGroup;
			children = (
				E116862A14E8395A00156D0C /* libRestKitNetwork.a */,
				E116862C14E8395A00156D0C /* libRestKitObjectMapping.a */,
				E116862E14E8395A00156D0C /* libRestKitSupport.a */,
				E116863014E8395A00156D0C /* libRestKitJSONParser+NXJSON.a */,
				E116863214E8395A00156D0C /* libRestKitJSONParserYAJL.a */,
				E116863414E8395A00156D0C /* libRestKitJSONParserSBJSON.a */,
				E116863614E8395A00156D0C /* libRestKitJSONParserJSONKit.a */,
				E116863814E8395A00156D0C /* libRestKitXMLParserLibxml.a */,
				E116863A14E8395A00156D0C /* libRestKitCoreData.a */,
				E116863C14E8395A00156D0C /* libRestKitThree20.a */,
				E116863E14E8395A00156D0C /* UISpec.app */,
			);
			name = Products;
			sourceTree = "<group>";
		};
/* End PBXGroup section */

/* Begin PBXNativeTarget section */
		1D6058900D05DD3D006BFB54 /* SilentBoombox */ = {
			isa = PBXNativeTarget;
			buildConfigurationList = 1D6058960D05DD3E006BFB54 /* Build configuration list for PBXNativeTarget "SilentBoombox" */;
			buildPhases = (
				1D60588D0D05DD3D006BFB54 /* Resources */,
				1D60588E0D05DD3D006BFB54 /* Sources */,
				1D60588F0D05DD3D006BFB54 /* Frameworks */,
			);
			buildRules = (
			);
			dependencies = (
				E116864014E83A8100156D0C /* PBXTargetDependency */,
			);
			name = SilentBoombox;
			productName = SilentBoombox;
			productReference = 1D6058910D05DD3D006BFB54 /* SilentBoombox.app */;
			productType = "com.apple.product-type.application";
		};
/* End PBXNativeTarget section */

/* Begin PBXProject section */
		29B97313FDCFA39411CA2CEA /* Project object */ = {
			isa = PBXProject;
			attributes = {
				LastUpgradeCheck = 0420;
			};
			buildConfigurationList = C01FCF4E08A954540054247B /* Build configuration list for PBXProject "SilentBoombox" */;
			compatibilityVersion = "Xcode 3.2";
			developmentRegion = English;
			hasScannedForEncodings = 1;
			knownRegions = (
				English,
				Japanese,
				French,
				German,
				en,
			);
			mainGroup = 29B97314FDCFA39411CA2CEA /* CustomTemplate */;
			projectDirPath = "";
			projectReferences = (
				{
					ProductGroup = E116861614E8395900156D0C /* Products */;
					ProjectRef = E116861514E8395900156D0C /* RestKit.xcodeproj */;
				},
			);
			projectRoot = "";
			targets = (
				1D6058900D05DD3D006BFB54 /* SilentBoombox */,
			);
		};
/* End PBXProject section */

/* Begin PBXReferenceProxy section */
		E116862A14E8395A00156D0C /* libRestKitNetwork.a */ = {
			isa = PBXReferenceProxy;
			fileType = archive.ar;
			path = libRestKitNetwork.a;
			remoteRef = E116862914E8395A00156D0C /* PBXContainerItemProxy */;
			sourceTree = BUILT_PRODUCTS_DIR;
		};
		E116862C14E8395A00156D0C /* libRestKitObjectMapping.a */ = {
			isa = PBXReferenceProxy;
			fileType = archive.ar;
			path = libRestKitObjectMapping.a;
			remoteRef = E116862B14E8395A00156D0C /* PBXContainerItemProxy */;
			sourceTree = BUILT_PRODUCTS_DIR;
		};
		E116862E14E8395A00156D0C /* libRestKitSupport.a */ = {
			isa = PBXReferenceProxy;
			fileType = archive.ar;
			path = libRestKitSupport.a;
			remoteRef = E116862D14E8395A00156D0C /* PBXContainerItemProxy */;
			sourceTree = BUILT_PRODUCTS_DIR;
		};
		E116863014E8395A00156D0C /* libRestKitJSONParser+NXJSON.a */ = {
			isa = PBXReferenceProxy;
			fileType = archive.ar;
			name = "libRestKitJSONParser+NXJSON.a";
			path = libRestKitJSONParserNXJSON.a;
			remoteRef = E116862F14E8395A00156D0C /* PBXContainerItemProxy */;
			sourceTree = BUILT_PRODUCTS_DIR;
		};
		E116863214E8395A00156D0C /* libRestKitJSONParserYAJL.a */ = {
			isa = PBXReferenceProxy;
			fileType = archive.ar;
			path = libRestKitJSONParserYAJL.a;
			remoteRef = E116863114E8395A00156D0C /* PBXContainerItemProxy */;
			sourceTree = BUILT_PRODUCTS_DIR;
		};
		E116863414E8395A00156D0C /* libRestKitJSONParserSBJSON.a */ = {
			isa = PBXReferenceProxy;
			fileType = archive.ar;
			path = libRestKitJSONParserSBJSON.a;
			remoteRef = E116863314E8395A00156D0C /* PBXContainerItemProxy */;
			sourceTree = BUILT_PRODUCTS_DIR;
		};
		E116863614E8395A00156D0C /* libRestKitJSONParserJSONKit.a */ = {
			isa = PBXReferenceProxy;
			fileType = archive.ar;
			path = libRestKitJSONParserJSONKit.a;
			remoteRef = E116863514E8395A00156D0C /* PBXContainerItemProxy */;
			sourceTree = BUILT_PRODUCTS_DIR;
		};
		E116863814E8395A00156D0C /* libRestKitXMLParserLibxml.a */ = {
			isa = PBXReferenceProxy;
			fileType = archive.ar;
			path = libRestKitXMLParserLibxml.a;
			remoteRef = E116863714E8395A00156D0C /* PBXContainerItemProxy */;
			sourceTree = BUILT_PRODUCTS_DIR;
		};
		E116863A14E8395A00156D0C /* libRestKitCoreData.a */ = {
			isa = PBXReferenceProxy;
			fileType = archive.ar;
			path = libRestKitCoreData.a;
			remoteRef = E116863914E8395A00156D0C /* PBXContainerItemProxy */;
			sourceTree = BUILT_PRODUCTS_DIR;
		};
		E116863C14E8395A00156D0C /* libRestKitThree20.a */ = {
			isa = PBXReferenceProxy;
			fileType = archive.ar;
			path = libRestKitThree20.a;
			remoteRef = E116863B14E8395A00156D0C /* PBXContainerItemProxy */;
			sourceTree = BUILT_PRODUCTS_DIR;
		};
		E116863E14E8395A00156D0C /* UISpec.app */ = {
			isa = PBXReferenceProxy;
			fileType = wrapper.application;
			path = UISpec.app;
			remoteRef = E116863D14E8395A00156D0C /* PBXContainerItemProxy */;
			sourceTree = BUILT_PRODUCTS_DIR;
		};
/* End PBXReferenceProxy section */

/* Begin PBXResourcesBuildPhase section */
		1D60588D0D05DD3D006BFB54 /* Resources */ = {
			isa = PBXResourcesBuildPhase;
			buildActionMask = 2147483647;
			files = (
				28AD73600D9D9599002E5188 /* MainWindow.xib in Resources */,
				28F335F11007B36200424DE2 /* RootViewController.xib in Resources */,
				BC146AF014E745C90082EB62 /* SPLoginViewController_iPhone.xib in Resources */,
				BC146AF214E745D30082EB62 /* SPLoginViewController_iPad.xib in Resources */,
				BC146B1F14E7602B0082EB62 /* WCRoleChooserViewController.xib in Resources */,
				BC146B2414E771450082EB62 /* WCAddListenersViewController.xib in Resources */,
				BC146B2F14E7AF750082EB62 /* WCSyncStartWaitingViewController.xib in Resources */,
				BC146B8714E863970082EB62 /* WCMusicSelectViewController.xib in Resources */,
				BC146B8C14E86A7F0082EB62 /* WCListeningViewController.xib in Resources */,
			);
			runOnlyForDeploymentPostprocessing = 0;
		};
/* End PBXResourcesBuildPhase section */

/* Begin PBXSourcesBuildPhase section */
		1D60588E0D05DD3D006BFB54 /* Sources */ = {
			isa = PBXSourcesBuildPhase;
			buildActionMask = 2147483647;
			files = (
				1D60589B0D05DD56006BFB54 /* main.m in Sources */,
				1D3623260D0F684500981E51 /* SilentBoomboxAppDelegate.m in Sources */,
				28C286E10D94DF7D0034E888 /* RootViewController.m in Sources */,
				BC146AF514E745E20082EB62 /* SPLoginViewController.m in Sources */,
				BC146B1E14E7602B0082EB62 /* WCRoleChooserViewController.m in Sources */,
				BC146B2314E771450082EB62 /* WCAddListenersViewController.m in Sources */,
				BC146B2714E780040082EB62 /* WCListener.m in Sources */,
				BC146B2E14E7AF750082EB62 /* WCSyncStartWaitingViewController.m in Sources */,
				E116864E14E83E5A00156D0C /* WCUserRestClient.m in Sources */,
				BC146B8614E863970082EB62 /* WCMusicSelectViewController.m in Sources */,
				BC146B8B14E86A7F0082EB62 /* WCListeningViewController.m in Sources */,
			);
			runOnlyForDeploymentPostprocessing = 0;
		};
/* End PBXSourcesBuildPhase section */

/* Begin PBXTargetDependency section */
		E116864014E83A8100156D0C /* PBXTargetDependency */ = {
			isa = PBXTargetDependency;
			name = RestKit;
			targetProxy = E116863F14E83A8100156D0C /* PBXContainerItemProxy */;
		};
/* End PBXTargetDependency section */

/* Begin XCBuildConfiguration section */
		1D6058940D05DD3E006BFB54 /* Debug */ = {
			isa = XCBuildConfiguration;
			buildSettings = {
				ALWAYS_SEARCH_USER_PATHS = NO;
				CLANG_ENABLE_OBJC_ARC = YES;
				COPY_PHASE_STRIP = NO;
				GCC_DYNAMIC_NO_PIC = NO;
				GCC_OPTIMIZATION_LEVEL = 0;
				GCC_PRECOMPILE_PREFIX_HEADER = YES;
				GCC_PREFIX_HEADER = SilentBoombox_Prefix.pch;
				GCC_VERSION = com.apple.compilers.llvm.clang.1_0;
				INFOPLIST_FILE = "SilentBoombox-Info.plist";
				LIBRARY_SEARCH_PATHS = (
					"$(inherited)",
					"\"$(SRCROOT)\"",
				);
				OTHER_LDFLAGS = (
					"-all_load",
					"-ObjC",
				);
				PRODUCT_NAME = SilentBoombox;
				USER_HEADER_SEARCH_PATHS = "./**";
			};
			name = Debug;
		};
		1D6058950D05DD3E006BFB54 /* Release */ = {
			isa = XCBuildConfiguration;
			buildSettings = {
				ALWAYS_SEARCH_USER_PATHS = NO;
				CLANG_ENABLE_OBJC_ARC = YES;
				COPY_PHASE_STRIP = YES;
				GCC_PRECOMPILE_PREFIX_HEADER = YES;
				GCC_PREFIX_HEADER = SilentBoombox_Prefix.pch;
				GCC_VERSION = com.apple.compilers.llvm.clang.1_0;
				INFOPLIST_FILE = "SilentBoombox-Info.plist";
				LIBRARY_SEARCH_PATHS = (
					"$(inherited)",
					"\"$(SRCROOT)\"",
				);
				OTHER_LDFLAGS = (
					"-all_load",
					"-ObjC",
				);
				PRODUCT_NAME = SilentBoombox;
				USER_HEADER_SEARCH_PATHS = "./**";
				VALIDATE_PRODUCT = YES;
			};
			name = Release;
		};
		C01FCF4F08A954540054247B /* Debug */ = {
			isa = XCBuildConfiguration;
			buildSettings = {
				ARCHS = "$(ARCHS_STANDARD_32_BIT)";
				"CODE_SIGN_IDENTITY[sdk=iphoneos*]" = "iPhone Developer";
				GCC_C_LANGUAGE_STANDARD = c99;
				GCC_WARN_ABOUT_RETURN_TYPE = YES;
				GCC_WARN_UNUSED_VARIABLE = YES;
				HEADER_SEARCH_PATHS = "\"$(SOURCE_ROOT)/RestKit/Build\"";
				LIBRARY_SEARCH_PATHS = "\"$(SOURCE_ROOT)/RestKit/Build/$(BUILD_STYLE)-$(PLATFORM_NAME)\"";
				OTHER_LDFLAGS = (
					"-ObjC",
					"-all_load",
				);
				SDKROOT = iphoneos;
				USER_HEADER_SEARCH_PATHS = .;
			};
			name = Debug;
		};
		C01FCF5008A954540054247B /* Release */ = {
			isa = XCBuildConfiguration;
			buildSettings = {
				ARCHS = "$(ARCHS_STANDARD_32_BIT)";
				"CODE_SIGN_IDENTITY[sdk=iphoneos*]" = "iPhone Developer";
				GCC_C_LANGUAGE_STANDARD = c99;
				GCC_WARN_ABOUT_RETURN_TYPE = YES;
				GCC_WARN_UNUSED_VARIABLE = YES;
				HEADER_SEARCH_PATHS = "\"$(SOURCE_ROOT)/RestKit/Build\"";
				LIBRARY_SEARCH_PATHS = "\"$(SOURCE_ROOT)/RestKit/Build/$(BUILD_STYLE)-$(PLATFORM_NAME)\"";
				OTHER_CFLAGS = "-DNS_BLOCK_ASSERTIONS=1";
				OTHER_LDFLAGS = (
					"-ObjC",
					"-all_load",
				);
				SDKROOT = iphoneos;
				USER_HEADER_SEARCH_PATHS = .;
			};
			name = Release;
		};
/* End XCBuildConfiguration section */

/* Begin XCConfigurationList section */
		1D6058960D05DD3E006BFB54 /* Build configuration list for PBXNativeTarget "SilentBoombox" */ = {
			isa = XCConfigurationList;
			buildConfigurations = (
				1D6058940D05DD3E006BFB54 /* Debug */,
				1D6058950D05DD3E006BFB54 /* Release */,
			);
			defaultConfigurationIsVisible = 0;
			defaultConfigurationName = Release;
		};
		C01FCF4E08A954540054247B /* Build configuration list for PBXProject "SilentBoombox" */ = {
			isa = XCConfigurationList;
			buildConfigurations = (
				C01FCF4F08A954540054247B /* Debug */,
				C01FCF5008A954540054247B /* Release */,
			);
			defaultConfigurationIsVisible = 0;
			defaultConfigurationName = Release;
		};
/* End XCConfigurationList section */
	};
	rootObject = 29B97313FDCFA39411CA2CEA /* Project object */;
}
